// !$*UTF8*$!
{
	archiveVersion = 1;
	classes = {
	};
	objectVersion = 46;
	objects = {

/* Begin PBXBuildFile section */
		OBJ_30 /* StringBuffer.swift in Sources */ = {isa = PBXBuildFile; fileRef = OBJ_9 /* StringBuffer.swift */; };
		OBJ_37 /* CGELexer.swift in Sources */ = {isa = PBXBuildFile; fileRef = OBJ_11 /* CGELexer.swift */; };
		OBJ_38 /* CGENode.swift in Sources */ = {isa = PBXBuildFile; fileRef = OBJ_12 /* CGENode.swift */; };
		OBJ_39 /* CGEParser.swift in Sources */ = {isa = PBXBuildFile; fileRef = OBJ_13 /* CGEParser.swift */; };
		OBJ_41 /* Lexer.framework in Frameworks */ = {isa = PBXBuildFile; fileRef = OBJ_23 /* Lexer.framework */; };
		OBJ_42 /* StringBuffer.framework in Frameworks */ = {isa = PBXBuildFile; fileRef = OBJ_21 /* StringBuffer.framework */; };
		OBJ_50 /* Lexer.swift in Sources */ = {isa = PBXBuildFile; fileRef = OBJ_15 /* Lexer.swift */; };
		OBJ_51 /* Token.swift in Sources */ = {isa = PBXBuildFile; fileRef = OBJ_16 /* Token.swift */; };
		OBJ_58 /* LanguageTests.swift in Sources */ = {isa = PBXBuildFile; fileRef = OBJ_19 /* LanguageTests.swift */; };
		OBJ_60 /* Lexer.framework in Frameworks */ = {isa = PBXBuildFile; fileRef = OBJ_23 /* Lexer.framework */; };
		OBJ_61 /* StringBuffer.framework in Frameworks */ = {isa = PBXBuildFile; fileRef = OBJ_21 /* StringBuffer.framework */; };
		OBJ_62 /* Language.framework in Frameworks */ = {isa = PBXBuildFile; fileRef = OBJ_22 /* Language.framework */; };
/* End PBXBuildFile section */

/* Begin PBXContainerItemProxy section */
		0128AF431EE632C700D19FDE /* PBXContainerItemProxy */ = {
			isa = PBXContainerItemProxy;
			containerPortal = OBJ_1 /* Project object */;
			proxyType = 1;
			remoteGlobalIDString = OBJ_44;
			remoteInfo = Lexer;
		};
		0128AF441EE632C700D19FDE /* PBXContainerItemProxy */ = {
			isa = PBXContainerItemProxy;
			containerPortal = OBJ_1 /* Project object */;
			proxyType = 1;
			remoteGlobalIDString = OBJ_25;
			remoteInfo = StringBuffer;
		};
		0128AF451EE632C700D19FDE /* PBXContainerItemProxy */ = {
			isa = PBXContainerItemProxy;
			containerPortal = OBJ_1 /* Project object */;
			proxyType = 1;
			remoteGlobalIDString = OBJ_44;
			remoteInfo = Lexer;
		};
		0128AF461EE632C700D19FDE /* PBXContainerItemProxy */ = {
			isa = PBXContainerItemProxy;
			containerPortal = OBJ_1 /* Project object */;
			proxyType = 1;
			remoteGlobalIDString = OBJ_25;
			remoteInfo = StringBuffer;
		};
		0128AF471EE632C700D19FDE /* PBXContainerItemProxy */ = {
			isa = PBXContainerItemProxy;
			containerPortal = OBJ_1 /* Project object */;
			proxyType = 1;
			remoteGlobalIDString = OBJ_32;
			remoteInfo = Language;
		};
/* End PBXContainerItemProxy section */

/* Begin PBXFileReference section */
		OBJ_11 /* CGELexer.swift */ = {isa = PBXFileReference; lastKnownFileType = sourcecode.swift; path = CGELexer.swift; sourceTree = "<group>"; };
		OBJ_12 /* CGENode.swift */ = {isa = PBXFileReference; lastKnownFileType = sourcecode.swift; path = CGENode.swift; sourceTree = "<group>"; };
		OBJ_13 /* CGEParser.swift */ = {isa = PBXFileReference; lastKnownFileType = sourcecode.swift; path = CGEParser.swift; sourceTree = "<group>"; };
		OBJ_15 /* Lexer.swift */ = {isa = PBXFileReference; lastKnownFileType = sourcecode.swift; path = Lexer.swift; sourceTree = "<group>"; };
		OBJ_16 /* Token.swift */ = {isa = PBXFileReference; lastKnownFileType = sourcecode.swift; path = Token.swift; sourceTree = "<group>"; };
		OBJ_19 /* LanguageTests.swift */ = {isa = PBXFileReference; lastKnownFileType = sourcecode.swift; path = LanguageTests.swift; sourceTree = "<group>"; };
		OBJ_21 /* StringBuffer.framework */ = {isa = PBXFileReference; explicitFileType = wrapper.framework; path = StringBuffer.framework; sourceTree = BUILT_PRODUCTS_DIR; };
		OBJ_22 /* Language.framework */ = {isa = PBXFileReference; explicitFileType = wrapper.framework; path = Language.framework; sourceTree = BUILT_PRODUCTS_DIR; };
		OBJ_23 /* Lexer.framework */ = {isa = PBXFileReference; explicitFileType = wrapper.framework; path = Lexer.framework; sourceTree = BUILT_PRODUCTS_DIR; };
		OBJ_24 /* LanguageTests.xctest */ = {isa = PBXFileReference; lastKnownFileType = file; path = LanguageTests.xctest; sourceTree = BUILT_PRODUCTS_DIR; };
		OBJ_6 /* Package.swift */ = {isa = PBXFileReference; explicitFileType = sourcecode.swift; path = Package.swift; sourceTree = "<group>"; };
		OBJ_9 /* StringBuffer.swift */ = {isa = PBXFileReference; lastKnownFileType = sourcecode.swift; path = StringBuffer.swift; sourceTree = "<group>"; };
/* End PBXFileReference section */

/* Begin PBXFrameworksBuildPhase section */
		OBJ_31 /* Frameworks */ = {
			isa = PBXFrameworksBuildPhase;
			buildActionMask = 0;
			files = (
			);
			runOnlyForDeploymentPostprocessing = 0;
		};
		OBJ_40 /* Frameworks */ = {
			isa = PBXFrameworksBuildPhase;
			buildActionMask = 0;
			files = (
				OBJ_41 /* Lexer.framework in Frameworks */,
				OBJ_42 /* StringBuffer.framework in Frameworks */,
			);
			runOnlyForDeploymentPostprocessing = 0;
		};
		OBJ_52 /* Frameworks */ = {
			isa = PBXFrameworksBuildPhase;
			buildActionMask = 0;
			files = (
			);
			runOnlyForDeploymentPostprocessing = 0;
		};
		OBJ_59 /* Frameworks */ = {
			isa = PBXFrameworksBuildPhase;
			buildActionMask = 0;
			files = (
				OBJ_60 /* Lexer.framework in Frameworks */,
				OBJ_61 /* StringBuffer.framework in Frameworks */,
				OBJ_62 /* Language.framework in Frameworks */,
			);
			runOnlyForDeploymentPostprocessing = 0;
		};
/* End PBXFrameworksBuildPhase section */

/* Begin PBXGroup section */
		OBJ_10 /* Language */ = {
			isa = PBXGroup;
			children = (
				OBJ_11 /* CGELexer.swift */,
				OBJ_12 /* CGENode.swift */,
				OBJ_13 /* CGEParser.swift */,
			);
			name = Language;
			path = Sources/Language;
			sourceTree = SOURCE_ROOT;
		};
		OBJ_14 /* Lexer */ = {
			isa = PBXGroup;
			children = (
				OBJ_15 /* Lexer.swift */,
				OBJ_16 /* Token.swift */,
			);
			name = Lexer;
			path = Sources/Lexer;
			sourceTree = SOURCE_ROOT;
		};
		OBJ_17 /* Tests */ = {
			isa = PBXGroup;
			children = (
				OBJ_18 /* LanguageTests */,
			);
			name = Tests;
			sourceTree = SOURCE_ROOT;
		};
		OBJ_18 /* LanguageTests */ = {
			isa = PBXGroup;
			children = (
				OBJ_19 /* LanguageTests.swift */,
			);
			name = LanguageTests;
			path = Tests/LanguageTests;
			sourceTree = SOURCE_ROOT;
		};
		OBJ_20 /* Products */ = {
			isa = PBXGroup;
			children = (
				OBJ_21 /* StringBuffer.framework */,
				OBJ_22 /* Language.framework */,
				OBJ_23 /* Lexer.framework */,
				OBJ_24 /* LanguageTests.xctest */,
			);
			name = Products;
			sourceTree = BUILT_PRODUCTS_DIR;
		};
		OBJ_5 /*  */ = {
			isa = PBXGroup;
			children = (
				OBJ_6 /* Package.swift */,
				OBJ_7 /* Sources */,
				OBJ_17 /* Tests */,
				OBJ_20 /* Products */,
			);
			name = "";
			sourceTree = "<group>";
		};
		OBJ_7 /* Sources */ = {
			isa = PBXGroup;
			children = (
				OBJ_8 /* StringBuffer */,
				OBJ_10 /* Language */,
				OBJ_14 /* Lexer */,
			);
			name = Sources;
			sourceTree = SOURCE_ROOT;
		};
		OBJ_8 /* StringBuffer */ = {
			isa = PBXGroup;
			children = (
				OBJ_9 /* StringBuffer.swift */,
			);
			name = StringBuffer;
			path = Sources/StringBuffer;
			sourceTree = SOURCE_ROOT;
		};
/* End PBXGroup section */

/* Begin PBXNativeTarget section */
		OBJ_25 /* StringBuffer */ = {
			isa = PBXNativeTarget;
			buildConfigurationList = OBJ_26 /* Build configuration list for PBXNativeTarget "StringBuffer" */;
			buildPhases = (
				OBJ_29 /* Sources */,
				OBJ_31 /* Frameworks */,
			);
			buildRules = (
			);
			dependencies = (
			);
			name = StringBuffer;
			productName = StringBuffer;
			productReference = OBJ_21 /* StringBuffer.framework */;
			productType = "com.apple.product-type.framework";
		};
		OBJ_32 /* Language */ = {
			isa = PBXNativeTarget;
			buildConfigurationList = OBJ_33 /* Build configuration list for PBXNativeTarget "Language" */;
			buildPhases = (
				OBJ_36 /* Sources */,
				OBJ_40 /* Frameworks */,
			);
			buildRules = (
			);
			dependencies = (
				OBJ_43 /* PBXTargetDependency */,
				OBJ_45 /* PBXTargetDependency */,
			);
			name = Language;
			productName = Language;
			productReference = OBJ_22 /* Language.framework */;
			productType = "com.apple.product-type.framework";
		};
		OBJ_44 /* Lexer */ = {
			isa = PBXNativeTarget;
			buildConfigurationList = OBJ_46 /* Build configuration list for PBXNativeTarget "Lexer" */;
			buildPhases = (
				OBJ_49 /* Sources */,
				OBJ_52 /* Frameworks */,
			);
			buildRules = (
			);
			dependencies = (
			);
			name = Lexer;
			productName = Lexer;
			productReference = OBJ_23 /* Lexer.framework */;
			productType = "com.apple.product-type.framework";
		};
		OBJ_53 /* LanguageTests */ = {
			isa = PBXNativeTarget;
			buildConfigurationList = OBJ_54 /* Build configuration list for PBXNativeTarget "LanguageTests" */;
			buildPhases = (
				OBJ_57 /* Sources */,
				OBJ_59 /* Frameworks */,
			);
			buildRules = (
			);
			dependencies = (
				OBJ_63 /* PBXTargetDependency */,
				OBJ_64 /* PBXTargetDependency */,
				OBJ_65 /* PBXTargetDependency */,
			);
			name = LanguageTests;
			productName = LanguageTests;
			productReference = OBJ_24 /* LanguageTests.xctest */;
			productType = "com.apple.product-type.bundle.unit-test";
		};
/* End PBXNativeTarget section */

/* Begin PBXProject section */
		OBJ_1 /* Project object */ = {
			isa = PBXProject;
			attributes = {
				LastUpgradeCheck = 9999;
			};
			buildConfigurationList = OBJ_2 /* Build configuration list for PBXProject "Language" */;
			compatibilityVersion = "Xcode 3.2";
			developmentRegion = English;
			hasScannedForEncodings = 0;
			knownRegions = (
				en,
			);
			mainGroup = OBJ_5 /*  */;
			productRefGroup = OBJ_20 /* Products */;
			projectDirPath = "";
			projectRoot = "";
			targets = (
				OBJ_25 /* StringBuffer */,
				OBJ_32 /* Language */,
				OBJ_44 /* Lexer */,
				OBJ_53 /* LanguageTests */,
			);
		};
/* End PBXProject section */

/* Begin PBXSourcesBuildPhase section */
		OBJ_29 /* Sources */ = {
			isa = PBXSourcesBuildPhase;
			buildActionMask = 0;
			files = (
				OBJ_30 /* StringBuffer.swift in Sources */,
			);
			runOnlyForDeploymentPostprocessing = 0;
		};
		OBJ_36 /* Sources */ = {
			isa = PBXSourcesBuildPhase;
			buildActionMask = 0;
			files = (
				OBJ_37 /* CGELexer.swift in Sources */,
				OBJ_38 /* CGENode.swift in Sources */,
				OBJ_39 /* CGEParser.swift in Sources */,
			);
			runOnlyForDeploymentPostprocessing = 0;
		};
		OBJ_49 /* Sources */ = {
			isa = PBXSourcesBuildPhase;
			buildActionMask = 0;
			files = (
				OBJ_50 /* Lexer.swift in Sources */,
				OBJ_51 /* Token.swift in Sources */,
			);
			runOnlyForDeploymentPostprocessing = 0;
		};
		OBJ_57 /* Sources */ = {
			isa = PBXSourcesBuildPhase;
			buildActionMask = 0;
			files = (
				OBJ_58 /* LanguageTests.swift in Sources */,
			);
			runOnlyForDeploymentPostprocessing = 0;
		};
/* End PBXSourcesBuildPhase section */

/* Begin PBXTargetDependency section */
		OBJ_43 /* PBXTargetDependency */ = {
			isa = PBXTargetDependency;
			target = OBJ_44 /* Lexer */;
			targetProxy = 0128AF431EE632C700D19FDE /* PBXContainerItemProxy */;
		};
		OBJ_45 /* PBXTargetDependency */ = {
			isa = PBXTargetDependency;
			target = OBJ_25 /* StringBuffer */;
			targetProxy = 0128AF441EE632C700D19FDE /* PBXContainerItemProxy */;
		};
		OBJ_63 /* PBXTargetDependency */ = {
			isa = PBXTargetDependency;
			target = OBJ_44 /* Lexer */;
			targetProxy = 0128AF451EE632C700D19FDE /* PBXContainerItemProxy */;
		};
		OBJ_64 /* PBXTargetDependency */ = {
			isa = PBXTargetDependency;
			target = OBJ_25 /* StringBuffer */;
			targetProxy = 0128AF461EE632C700D19FDE /* PBXContainerItemProxy */;
		};
		OBJ_65 /* PBXTargetDependency */ = {
			isa = PBXTargetDependency;
			target = OBJ_32 /* Language */;
			targetProxy = 0128AF471EE632C700D19FDE /* PBXContainerItemProxy */;
		};
/* End PBXTargetDependency section */

/* Begin XCBuildConfiguration section */
		OBJ_27 /* Debug */ = {
			isa = XCBuildConfiguration;
			buildSettings = {
				ENABLE_TESTABILITY = YES;
				FRAMEWORK_SEARCH_PATHS = (
					"$(inherited)",
					"$(PLATFORM_DIR)/Developer/Library/Frameworks",
				);
				HEADER_SEARCH_PATHS = "$(inherited)";
				INFOPLIST_FILE = Language.xcodeproj/StringBuffer_Info.plist;
				LD_RUNPATH_SEARCH_PATHS = "$(TOOLCHAIN_DIR)/usr/lib/swift/macosx";
				OTHER_LDFLAGS = "$(inherited)";
				OTHER_SWIFT_FLAGS = "$(inherited)";
				PRODUCT_BUNDLE_IDENTIFIER = StringBuffer;
				PRODUCT_MODULE_NAME = "$(TARGET_NAME:c99extidentifier)";
				PRODUCT_NAME = "$(TARGET_NAME:c99extidentifier)";
				SKIP_INSTALL = YES;
				TARGET_NAME = StringBuffer;
			};
			name = Debug;
		};
		OBJ_28 /* Release */ = {
			isa = XCBuildConfiguration;
			buildSettings = {
				ENABLE_TESTABILITY = YES;
				FRAMEWORK_SEARCH_PATHS = (
					"$(inherited)",
					"$(PLATFORM_DIR)/Developer/Library/Frameworks",
				);
				HEADER_SEARCH_PATHS = "$(inherited)";
				INFOPLIST_FILE = Language.xcodeproj/StringBuffer_Info.plist;
				LD_RUNPATH_SEARCH_PATHS = "$(TOOLCHAIN_DIR)/usr/lib/swift/macosx";
				OTHER_LDFLAGS = "$(inherited)";
				OTHER_SWIFT_FLAGS = "$(inherited)";
				PRODUCT_BUNDLE_IDENTIFIER = StringBuffer;
				PRODUCT_MODULE_NAME = "$(TARGET_NAME:c99extidentifier)";
				PRODUCT_NAME = "$(TARGET_NAME:c99extidentifier)";
				SKIP_INSTALL = YES;
				TARGET_NAME = StringBuffer;
			};
			name = Release;
		};
		OBJ_3 /* Debug */ = {
			isa = XCBuildConfiguration;
			buildSettings = {
				CLANG_ENABLE_OBJC_ARC = YES;
				COMBINE_HIDPI_IMAGES = YES;
				COPY_PHASE_STRIP = NO;
				DEBUG_INFORMATION_FORMAT = dwarf;
				DYLIB_INSTALL_NAME_BASE = "@rpath";
				ENABLE_NS_ASSERTIONS = YES;
				GCC_OPTIMIZATION_LEVEL = 0;
				MACOSX_DEPLOYMENT_TARGET = 10.10;
				ONLY_ACTIVE_ARCH = YES;
				OTHER_SWIFT_FLAGS = "-DXcode";
				PRODUCT_NAME = "$(TARGET_NAME)";
				SDKROOT = macosx;
				SUPPORTED_PLATFORMS = "macosx iphoneos iphonesimulator appletvos appletvsimulator watchos watchsimulator";
				SWIFT_ACTIVE_COMPILATION_CONDITIONS = SWIFT_PACKAGE;
				SWIFT_OPTIMIZATION_LEVEL = "-Onone";
				SWIFT_VERSION = 3.0;
				USE_HEADERMAP = NO;
			};
			name = Debug;
		};
		OBJ_34 /* Debug */ = {
			isa = XCBuildConfiguration;
			buildSettings = {
				ENABLE_TESTABILITY = YES;
				FRAMEWORK_SEARCH_PATHS = (
					"$(inherited)",
					"$(PLATFORM_DIR)/Developer/Library/Frameworks",
				);
				HEADER_SEARCH_PATHS = "$(inherited)";
				INFOPLIST_FILE = Language.xcodeproj/Language_Info.plist;
				LD_RUNPATH_SEARCH_PATHS = "$(TOOLCHAIN_DIR)/usr/lib/swift/macosx";
				OTHER_LDFLAGS = "$(inherited)";
				OTHER_SWIFT_FLAGS = "$(inherited)";
				PRODUCT_BUNDLE_IDENTIFIER = Language;
				PRODUCT_MODULE_NAME = "$(TARGET_NAME:c99extidentifier)";
				PRODUCT_NAME = "$(TARGET_NAME:c99extidentifier)";
				SKIP_INSTALL = YES;
				TARGET_NAME = Language;
			};
			name = Debug;
		};
		OBJ_35 /* Release */ = {
			isa = XCBuildConfiguration;
			buildSettings = {
				ENABLE_TESTABILITY = YES;
				FRAMEWORK_SEARCH_PATHS = (
					"$(inherited)",
					"$(PLATFORM_DIR)/Developer/Library/Frameworks",
				);
				HEADER_SEARCH_PATHS = "$(inherited)";
				INFOPLIST_FILE = Language.xcodeproj/Language_Info.plist;
				LD_RUNPATH_SEARCH_PATHS = "$(TOOLCHAIN_DIR)/usr/lib/swift/macosx";
				OTHER_LDFLAGS = "$(inherited)";
				OTHER_SWIFT_FLAGS = "$(inherited)";
				PRODUCT_BUNDLE_IDENTIFIER = Language;
				PRODUCT_MODULE_NAME = "$(TARGET_NAME:c99extidentifier)";
				PRODUCT_NAME = "$(TARGET_NAME:c99extidentifier)";
				SKIP_INSTALL = YES;
				TARGET_NAME = Language;
			};
			name = Release;
		};
		OBJ_4 /* Release */ = {
			isa = XCBuildConfiguration;
			buildSettings = {
				CLANG_ENABLE_OBJC_ARC = YES;
				COMBINE_HIDPI_IMAGES = YES;
				COPY_PHASE_STRIP = YES;
				DEBUG_INFORMATION_FORMAT = "dwarf-with-dsym";
				DYLIB_INSTALL_NAME_BASE = "@rpath";
				GCC_OPTIMIZATION_LEVEL = s;
				MACOSX_DEPLOYMENT_TARGET = 10.10;
				OTHER_SWIFT_FLAGS = "-DXcode";
				PRODUCT_NAME = "$(TARGET_NAME)";
				SDKROOT = macosx;
				SUPPORTED_PLATFORMS = "macosx iphoneos iphonesimulator appletvos appletvsimulator watchos watchsimulator";
				SWIFT_ACTIVE_COMPILATION_CONDITIONS = SWIFT_PACKAGE;
				SWIFT_OPTIMIZATION_LEVEL = "-Owholemodule";
				SWIFT_VERSION = 3.0;
				USE_HEADERMAP = NO;
			};
			name = Release;
		};
		OBJ_47 /* Debug */ = {
			isa = XCBuildConfiguration;
			buildSettings = {
				ENABLE_TESTABILITY = YES;
				FRAMEWORK_SEARCH_PATHS = (
					"$(inherited)",
					"$(PLATFORM_DIR)/Developer/Library/Frameworks",
				);
				HEADER_SEARCH_PATHS = "$(inherited)";
				INFOPLIST_FILE = Language.xcodeproj/Lexer_Info.plist;
				LD_RUNPATH_SEARCH_PATHS = "$(TOOLCHAIN_DIR)/usr/lib/swift/macosx";
				OTHER_LDFLAGS = "$(inherited)";
				OTHER_SWIFT_FLAGS = "$(inherited)";
				PRODUCT_BUNDLE_IDENTIFIER = Lexer;
				PRODUCT_MODULE_NAME = "$(TARGET_NAME:c99extidentifier)";
				PRODUCT_NAME = "$(TARGET_NAME:c99extidentifier)";
				SKIP_INSTALL = YES;
				TARGET_NAME = Lexer;
			};
			name = Debug;
		};
		OBJ_48 /* Release */ = {
			isa = XCBuildConfiguration;
			buildSettings = {
				ENABLE_TESTABILITY = YES;
				FRAMEWORK_SEARCH_PATHS = (
					"$(inherited)",
					"$(PLATFORM_DIR)/Developer/Library/Frameworks",
				);
				HEADER_SEARCH_PATHS = "$(inherited)";
				INFOPLIST_FILE = Language.xcodeproj/Lexer_Info.plist;
				LD_RUNPATH_SEARCH_PATHS = "$(TOOLCHAIN_DIR)/usr/lib/swift/macosx";
				OTHER_LDFLAGS = "$(inherited)";
				OTHER_SWIFT_FLAGS = "$(inherited)";
				PRODUCT_BUNDLE_IDENTIFIER = Lexer;
				PRODUCT_MODULE_NAME = "$(TARGET_NAME:c99extidentifier)";
				PRODUCT_NAME = "$(TARGET_NAME:c99extidentifier)";
				SKIP_INSTALL = YES;
				TARGET_NAME = Lexer;
			};
			name = Release;
		};
		OBJ_55 /* Debug */ = {
			isa = XCBuildConfiguration;
			buildSettings = {
				EMBEDDED_CONTENT_CONTAINS_SWIFT = YES;
				FRAMEWORK_SEARCH_PATHS = (
					"$(inherited)",
					"$(PLATFORM_DIR)/Developer/Library/Frameworks",
				);
				HEADER_SEARCH_PATHS = "$(inherited)";
				INFOPLIST_FILE = Language.xcodeproj/LanguageTests_Info.plist;
				LD_RUNPATH_SEARCH_PATHS = "@loader_path/../Frameworks @loader_path/Frameworks";
				OTHER_LDFLAGS = "$(inherited)";
				OTHER_SWIFT_FLAGS = "$(inherited)";
				TARGET_NAME = LanguageTests;
			};
			name = Debug;
		};
		OBJ_56 /* Release */ = {
			isa = XCBuildConfiguration;
			buildSettings = {
				EMBEDDED_CONTENT_CONTAINS_SWIFT = YES;
				FRAMEWORK_SEARCH_PATHS = (
					"$(inherited)",
					"$(PLATFORM_DIR)/Developer/Library/Frameworks",
				);
				HEADER_SEARCH_PATHS = "$(inherited)";
				INFOPLIST_FILE = Language.xcodeproj/LanguageTests_Info.plist;
				LD_RUNPATH_SEARCH_PATHS = "@loader_path/../Frameworks @loader_path/Frameworks";
				OTHER_LDFLAGS = "$(inherited)";
				OTHER_SWIFT_FLAGS = "$(inherited)";
				TARGET_NAME = LanguageTests;
			};
			name = Release;
		};
/* End XCBuildConfiguration section */

/* Begin XCConfigurationList section */
		OBJ_2 /* Build configuration list for PBXProject "Language" */ = {
			isa = XCConfigurationList;
			buildConfigurations = (
				OBJ_3 /* Debug */,
				OBJ_4 /* Release */,
			);
			defaultConfigurationIsVisible = 0;
			defaultConfigurationName = Debug;
		};
		OBJ_26 /* Build configuration list for PBXNativeTarget "StringBuffer" */ = {
			isa = XCConfigurationList;
			buildConfigurations = (
				OBJ_27 /* Debug */,
				OBJ_28 /* Release */,
			);
			defaultConfigurationIsVisible = 0;
			defaultConfigurationName = Debug;
		};
		OBJ_33 /* Build configuration list for PBXNativeTarget "Language" */ = {
			isa = XCConfigurationList;
			buildConfigurations = (
				OBJ_34 /* Debug */,
				OBJ_35 /* Release */,
			);
			defaultConfigurationIsVisible = 0;
			defaultConfigurationName = Debug;
		};
		OBJ_46 /* Build configuration list for PBXNativeTarget "Lexer" */ = {
			isa = XCConfigurationList;
			buildConfigurations = (
				OBJ_47 /* Debug */,
				OBJ_48 /* Release */,
			);
			defaultConfigurationIsVisible = 0;
			defaultConfigurationName = Debug;
		};
		OBJ_54 /* Build configuration list for PBXNativeTarget "LanguageTests" */ = {
			isa = XCConfigurationList;
			buildConfigurations = (
				OBJ_55 /* Debug */,
				OBJ_56 /* Release */,
			);
			defaultConfigurationIsVisible = 0;
			defaultConfigurationName = Debug;
		};
/* End XCConfigurationList section */
	};
	rootObject = OBJ_1 /* Project object */;
}
